{
  "name": "devapply",
  "lockfileVersion": 3,
  "requires": true,
  "packages": {
    "": {
      "dependencies": {
        "@monaco-editor/react": "^4.7.0",
        "highcharts": "^12.3.0",
        "highcharts-react-official": "^3.2.2",
        "marked": "^16.1.1",
        "openai": "^5.10.2",
        "prismjs": "^1.30.0"
      }
    },
    "node_modules/@monaco-editor/loader": {
      "version": "1.5.0",
      "resolved": "https://registry.npmjs.org/@monaco-editor/loader/-/loader-1.5.0.tgz",
      "integrity": "sha512-hKoGSM+7aAc7eRTRjpqAZucPmoNOC4UUbknb/VNoTkEIkCPhqV8LfbsgM1webRM7S/z21eHEx9Fkwx8Z/C/+Xw==",
      "license": "MIT",
      "dependencies": {
        "state-local": "^1.0.6"
      }
    },
    "node_modules/@monaco-editor/react": {
      "version": "4.7.0",
      "resolved": "https://registry.npmjs.org/@monaco-editor/react/-/react-4.7.0.tgz",
      "integrity": "sha512-cyzXQCtO47ydzxpQtCGSQGOC8Gk3ZUeBXFAxD+CWXYFo5OqZyZUonFl0DwUlTyAfRHntBfw2p3w4s9R6oe1eCA==",
      "license": "MIT",
      "dependencies": {
        "@monaco-editor/loader": "^1.5.0"
      },
      "peerDependencies": {
        "monaco-editor": ">= 0.25.0 < 1",
        "react": "^16.8.0 || ^17.0.0 || ^18.0.0 || ^19.0.0",
        "react-dom": "^16.8.0 || ^17.0.0 || ^18.0.0 || ^19.0.0"
      }
    },
    "node_modules/highcharts": {
      "version": "12.3.0",
      "resolved": "https://registry.npmjs.org/highcharts/-/highcharts-12.3.0.tgz",
      "integrity": "sha512-QIKmaemgheRa1K2Ia9MLj1KLtBU1Tu/VQ6KAMqtMBMsAC4NzcFq6g96LF03ZO3IFFiSifmZx8ItEyRcz4w75cg==",
      "license": "https://www.highcharts.com/license"
    },
    "node_modules/highcharts-react-official": {
      "version": "3.2.2",
      "resolved": "https://registry.npmjs.org/highcharts-react-official/-/highcharts-react-official-3.2.2.tgz",
      "integrity": "sha512-2kkWOB6RpdR26fmAJkrtJFG9xWFUDGKWyat88tW3fa/3l/Jc7D5ZfwTng2MZsdiKIH32AFy0Pr75udUe7uN6LA==",
      "license": "MIT",
      "peerDependencies": {
        "highcharts": ">=6.0.0",
        "react": ">=16.8.0"
      }
    },
    "node_modules/marked": {
      "version": "16.1.1",
      "resolved": "https://registry.npmjs.org/marked/-/marked-16.1.1.tgz",
      "integrity": "sha512-ij/2lXfCRT71L6u0M29tJPhP0bM5shLL3u5BePhFwPELj2blMJ6GDtD7PfJhRLhJ/c2UwrK17ySVcDzy2YHjHQ==",
      "license": "MIT",
      "bin": {
        "marked": "bin/marked.js"
      },
      "engines": {
        "node": ">= 20"
      }
    },
    "node_modules/monaco-editor": {
      "version": "0.52.2",
      "resolved": "https://registry.npmjs.org/monaco-editor/-/monaco-editor-0.52.2.tgz",
      "integrity": "sha512-GEQWEZmfkOGLdd3XK8ryrfWz3AIP8YymVXiPHEdewrUq7mh0qrKrfHLNCXcbB6sTnMLnOZ3ztSiKcciFUkIJwQ==",
      "license": "MIT",
      "peer": true
    },
    "node_modules/openai": {
      "version": "5.10.2",
      "resolved": "https://registry.npmjs.org/openai/-/openai-5.10.2.tgz",
      "integrity": "sha512-n+vi74LzHtvlKcDPn9aApgELGiu5CwhaLG40zxLTlFQdoSJCLACORIPC2uVQ3JEYAbqapM+XyRKFy2Thej7bIw==",
      "license": "Apache-2.0",
      "bin": {
        "openai": "bin/cli"
      },
      "peerDependencies": {
        "ws": "^8.18.0",
        "zod": "^3.23.8"
      },
      "peerDependenciesMeta": {
        "ws": {
          "optional": true
        },
        "zod": {
          "optional": true
        }
      }
    },
    "node_modules/prismjs": {
      "version": "1.30.0",
      "resolved": "https://registry.npmjs.org/prismjs/-/prismjs-1.30.0.tgz",
      "integrity": "sha512-DEvV2ZF2r2/63V+tK8hQvrR2ZGn10srHbXviTlcv7Kpzw8jWiNTqbVgjO3IY8RxrrOUF8VPMQQFysYYYv0YZxw==",
      "license": "MIT",
      "engines": {
        "node": ">=6"
      }
    },
    "node_modules/react": {
      "version": "19.1.0",
      "resolved": "https://registry.npmjs.org/react/-/react-19.1.0.tgz",
      "integrity": "sha512-FS+XFBNvn3GTAWq26joslQgWNoFu08F4kl0J4CgdNKADkdSGXQyTCnKteIAJy96Br6YbpEU1LSzV5dYtjMkMDg==",
      "license": "MIT",
      "peer": true,
      "engines": {
        "node": ">=0.10.0"
      }
    },
    "node_modules/react-dom": {
      "version": "19.1.0",
      "resolved": "https://registry.npmjs.org/react-dom/-/react-dom-19.1.0.tgz",
      "integrity": "sha512-Xs1hdnE+DyKgeHJeJznQmYMIBG3TKIHJJT95Q58nHLSrElKlGQqDTR2HQ9fx5CN/Gk6Vh/kupBTDLU11/nDk/g==",
      "license": "MIT",
      "peer": true,
      "dependencies": {
        "scheduler": "^0.26.0"
      },
      "peerDependencies": {
        "react": "^19.1.0"
      }
    },
    "node_modules/scheduler": {
      "version": "0.26.0",
      "resolved": "https://registry.npmjs.org/scheduler/-/scheduler-0.26.0.tgz",
      "integrity": "sha512-NlHwttCI/l5gCPR3D1nNXtWABUmBwvZpEQiD4IXSbIDq8BzLIK/7Ir5gTFSGZDUu37K5cMNp0hFtzO38sC7gWA==",
      "license": "MIT",
      "peer": true
    },
    "node_modules/state-local": {
      "version": "1.0.7",
      "resolved": "https://registry.npmjs.org/state-local/-/state-local-1.0.7.tgz",
      "integrity": "sha512-HTEHMNieakEnoe33shBYcZ7NX83ACUjCu8c40iOGEZsngj9zRnkqS9j1pqQPXwobB0ZcVTk27REb7COQ0UR59w==",
      "license": "MIT"
    }
  }
}
